
Microsoft Visual Studio Solution File, Format Version 12.00
# Visual Studio 15
VisualStudioVersion = 15.0.28307.2017
MinimumVisualStudioVersion = 10.0.40219.1
Project("{FAE04EC0-301F-11D3-BF4B-00C04F79EFBC}") = "EntityFrameworkCode-FirstAssignmentApp", "EntityFrameworkCode-FirstAssignmentApp\EntityFrameworkCode-FirstAssignmentApp.csproj", "{B2ED5FAD-91DC-4A0B-89D7-EEFCC77B4539}"
EndProject
Global
	GlobalSection(SolutionConfigurationPlatforms) = preSolution
		Debug|Any CPU = Debug|Any CPU
		Release|Any CPU = Release|Any CPU
	EndGlobalSection
	GlobalSection(ProjectConfigurationPlatforms) = postSolution
		{B2ED5FAD-91DC-4A0B-89D7-EEFCC77B4539}.Debug|Any CPU.ActiveCfg = Debug|Any CPU
		{B2ED5FAD-91DC-4A0B-89D7-EEFCC77B4539}.Debug|Any CPU.Build.0 = Debug|Any CPU
		{B2ED5FAD-91DC-4A0B-89D7-EEFCC77B4539}.Release|Any CPU.ActiveCfg = Release|Any CPU
		{B2ED5FAD-91DC-4A0B-89D7-EEFCC77B4539}.Release|Any CPU.Build.0 = Release|Any CPU
	EndGlobalSection
	GlobalSection(SolutionProperties) = preSolution
		HideSolutionNode = FALSE
	EndGlobalSection
	GlobalSection(ExtensibilityGlobals) = postSolution
		SolutionGuid = {547A1474-DE7F-4862-92DE-63844C6CEC2E}
	EndGlobalSection
EndGlobal
